
Microsoft Visual Studio Solution File, Format Version 12.00
# Visual Studio 15
VisualStudioVersion = 15.0.28307.489
MinimumVisualStudioVersion = 10.0.40219.1
Project("{8BC9CEB8-8B4A-11D0-8D11-00A0C91BC942}") = "shooter", "shooter\shooter.vcxproj", "{34CF6131-D6A2-47DD-B2F2-9A67147EDF95}"
EndProject
Global
	GlobalSection(SolutionConfigurationPlatforms) = preSolution
		Debug|x64 = Debug|x64
		Debug|x86 = Debug|x86
		Release|x64 = Release|x64
		Release|x86 = Release|x86
	EndGlobalSection
	GlobalSection(ProjectConfigurationPlatforms) = postSolution
		{34CF6131-D6A2-47DD-B2F2-9A67147EDF95}.Debug|x64.ActiveCfg = Debug|x64
		{34CF6131-D6A2-47DD-B2F2-9A67147EDF95}.Debug|x64.Build.0 = Debug|x64
		{34CF6131-D6A2-47DD-B2F2-9A67147EDF95}.Debug|x86.ActiveCfg = Debug|Win32
		{34CF6131-D6A2-47DD-B2F2-9A67147EDF95}.Debug|x86.Build.0 = Debug|Win32
		{34CF6131-D6A2-47DD-B2F2-9A67147EDF95}.Release|x64.ActiveCfg = Release|x64
		{34CF6131-D6A2-47DD-B2F2-9A67147EDF95}.Release|x64.Build.0 = Release|x64
		{34CF6131-D6A2-47DD-B2F2-9A67147EDF95}.Release|x86.ActiveCfg = Release|Win32
		{34CF6131-D6A2-47DD-B2F2-9A67147EDF95}.Release|x86.Build.0 = Release|Win32
	EndGlobalSection
	GlobalSection(SolutionProperties) = preSolution
		HideSolutionNode = FALSE
	EndGlobalSection
	GlobalSection(ExtensibilityGlobals) = postSolution
		SolutionGuid = {82CD7085-8173-4C0E-911D-C49FDCCE6F53}
	EndGlobalSection
EndGlobal
