<?xml version="1.0" encoding="utf-8"?>
<Project ToolsVersion="4.0" xmlns="http://schemas.microsoft.com/developer/msbuild/2003">
  <ItemGroup>
    <ClInclude Include="code\renderer.h" />
    <ClInclude Include="code\game.h" />
    <ClInclude Include="code\font.h" />
    <ClInclude Include="code\memory.h" />
    <ClInclude Include="code\mesh.h" />
    <ClInclude Include="code\importer.h" />
    <ClInclude Include="code\physics.h" />
    <ClInclude Include="code\gameplay.h" />
    <ClInclude Include="code\particle.h" />
    <ClInclude Include="code\ui.h" />
    <ClInclude Include="code\cube.h" />
  </ItemGroup>
  <ItemGroup>
    <ClCompile Include="code\renderer.cpp" />
    <ClCompile Include="code\main.cpp" />
    <ClCompile Include="code\game.cpp" />
    <ClCompile Include="code\font.cpp" />
    <ClCompile Include="code\memory.cpp" />
    <ClCompile Include="code\mesh.cpp" />
    <ClCompile Include="code\importer.cpp" />
    <ClCompile Include="code\physics.cpp" />
    <ClCompile Include="code\gameplay.cpp" />
    <ClCompile Include="code\particle.cpp" />
    <ClCompile Include="code\ui.cpp" />
  </ItemGroup>
  <ItemGroup>
    <None Include="shaders\lightning.frag" />
    <None Include="shaders\lightning.vert" />
    <None Include="shaders\quad.vert" />
    <None Include="shaders\quad.frag" />
    <None Include="shaders\cube.frag" />
    <None Include="shaders\cube.vert" />
    <None Include="shaders\primary_shader.frag" />
    <None Include="shaders\primary_shader.vert" />
    <None Include="shaders\primitive.vert" />
    <None Include="shaders\primitive.frag" />
    <None Include="shaders\text.vert" />
    <None Include="shaders\text.frag" />
  </ItemGroup>
</Project>